
Microsoft Visual Studio Solution File, Format Version 12.00
# Visual Studio 15
VisualStudioVersion = 15.0.27703.2042
MinimumVisualStudioVersion = 10.0.40219.1
Project("{FAE04EC0-301F-11D3-BF4B-00C04F79EFBC}") = "Lab-Tesk-Console", "Lab-Tesk-Console\Lab-Tesk-Console.csproj", "{D295F06D-B35A-4394-9864-60FDEC810619}"
EndProject
Global
	GlobalSection(SolutionConfigurationPlatforms) = preSolution
		Debug|Any CPU = Debug|Any CPU
		Release|Any CPU = Release|Any CPU
	EndGlobalSection
	GlobalSection(ProjectConfigurationPlatforms) = postSolution
		{D295F06D-B35A-4394-9864-60FDEC810619}.Debug|Any CPU.ActiveCfg = Debug|Any CPU
		{D295F06D-B35A-4394-9864-60FDEC810619}.Debug|Any CPU.Build.0 = Debug|Any CPU
		{D295F06D-B35A-4394-9864-60FDEC810619}.Release|Any CPU.ActiveCfg = Release|Any CPU
		{D295F06D-B35A-4394-9864-60FDEC810619}.Release|Any CPU.Build.0 = Release|Any CPU
	EndGlobalSection
	GlobalSection(SolutionProperties) = preSolution
		HideSolutionNode = FALSE
	EndGlobalSection
	GlobalSection(ExtensibilityGlobals) = postSolution
		SolutionGuid = {DD046625-AF5E-4302-B801-D751AD2150D2}
	EndGlobalSection
EndGlobal
